// !$*UTF8*$!
{
	archiveVersion = 1;
	classes = {
	};
	objectVersion = 50;
	objects = {

/* Begin PBXBuildFile section */
		1FC5ACE52465A0D800FE977D /* AppDelegate.swift in Sources */ = {isa = PBXBuildFile; fileRef = 1FC5ACE42465A0D800FE977D /* AppDelegate.swift */; };
		1FC5ACE72465A0D800FE977D /* SceneDelegate.swift in Sources */ = {isa = PBXBuildFile; fileRef = 1FC5ACE62465A0D800FE977D /* SceneDelegate.swift */; };
		1FC5ACE92465A0D800FE977D /* ViewController.swift in Sources */ = {isa = PBXBuildFile; fileRef = 1FC5ACE82465A0D800FE977D /* ViewController.swift */; };
		1FC5ACEC2465A0D800FE977D /* Main.storyboard in Resources */ = {isa = PBXBuildFile; fileRef = 1FC5ACEA2465A0D800FE977D /* Main.storyboard */; };
		1FC5ACEE2465A0DA00FE977D /* Assets.xcassets in Resources */ = {isa = PBXBuildFile; fileRef = 1FC5ACED2465A0DA00FE977D /* Assets.xcassets */; };
		1FC5ACF12465A0DA00FE977D /* LaunchScreen.storyboard in Resources */ = {isa = PBXBuildFile; fileRef = 1FC5ACEF2465A0DA00FE977D /* LaunchScreen.storyboard */; };
/* End PBXBuildFile section */

/* Begin PBXFileReference section */
		1FC5ACE12465A0D800FE977D /* gameSET.app */ = {isa = PBXFileReference; explicitFileType = wrapper.application; includeInIndex = 0; path = gameSET.app; sourceTree = BUILT_PRODUCTS_DIR; };
		1FC5ACE42465A0D800FE977D /* AppDelegate.swift */ = {isa = PBXFileReference; lastKnownFileType = sourcecode.swift; path = AppDelegate.swift; sourceTree = "<group>"; };
		1FC5ACE62465A0D800FE977D /* SceneDelegate.swift */ = {isa = PBXFileReference; lastKnownFileType = sourcecode.swift; path = SceneDelegate.swift; sourceTree = "<group>"; };
		1FC5ACE82465A0D800FE977D /* ViewController.swift */ = {isa = PBXFileReference; lastKnownFileType = sourcecode.swift; path = ViewController.swift; sourceTree = "<group>"; };
		1FC5ACEB2465A0D800FE977D /* Base */ = {isa = PBXFileReference; lastKnownFileType = file.storyboard; name = Base; path = Base.lproj/Main.storyboard; sourceTree = "<group>"; };
		1FC5ACED2465A0DA00FE977D /* Assets.xcassets */ = {isa = PBXFileReference; lastKnownFileType = folder.assetcatalog; path = Assets.xcassets; sourceTree = "<group>"; };
		1FC5ACF02465A0DA00FE977D /* Base */ = {isa = PBXFileReference; lastKnownFileType = file.storyboard; name = Base; path = Base.lproj/LaunchScreen.storyboard; sourceTree = "<group>"; };
		1FC5ACF22465A0DA00FE977D /* Info.plist */ = {isa = PBXFileReference; lastKnownFileType = text.plist.xml; path = Info.plist; sourceTree = "<group>"; };
/* End PBXFileReference section */

/* Begin PBXFrameworksBuildPhase section */
		1FC5ACDE2465A0D800FE977D /* Frameworks */ = {
			isa = PBXFrameworksBuildPhase;
			buildActionMask = 2147483647;
			files = (
			);
			runOnlyForDeploymentPostprocessing = 0;
		};
/* End PBXFrameworksBuildPhase section */

/* Begin PBXGroup section */
		1FC5ACD82465A0D800FE977D = {
			isa = PBXGroup;
			children = (
				1FC5ACE32465A0D800FE977D /* gameSET */,
				1FC5ACE22465A0D800FE977D /* Products */,
			);
			sourceTree = "<group>";
		};
		1FC5ACE22465A0D800FE977D /* Products */ = {
			isa = PBXGroup;
			children = (
				1FC5ACE12465A0D800FE977D /* gameSET.app */,
			);
			name = Products;
			sourceTree = "<group>";
		};
		1FC5ACE32465A0D800FE977D /* gameSET */ = {
			isa = PBXGroup;
			children = (
				1FC5ACE42465A0D800FE977D /* AppDelegate.swift */,
				1FC5ACE62465A0D800FE977D /* SceneDelegate.swift */,
				1FC5ACE82465A0D800FE977D /* ViewController.swift */,
				1FC5ACEA2465A0D800FE977D /* Main.storyboard */,
				1FC5ACED2465A0DA00FE977D /* Assets.xcassets */,
				1FC5ACEF2465A0DA00FE977D /* LaunchScreen.storyboard */,
				1FC5ACF22465A0DA00FE977D /* Info.plist */,
			);
			path = gameSET;
			sourceTree = "<group>";
		};
/* End PBXGroup section */

/* Begin PBXNativeTarget section */
		1FC5ACE02465A0D800FE977D /* gameSET */ = {
			isa = PBXNativeTarget;
			buildConfigurationList = 1FC5ACF52465A0DA00FE977D /* Build configuration list for PBXNativeTarget "gameSET" */;
			buildPhases = (
				1FC5ACDD2465A0D800FE977D /* Sources */,
				1FC5ACDE2465A0D800FE977D /* Frameworks */,
				1FC5ACDF2465A0D800FE977D /* Resources */,
			);
			buildRules = (
			);
			dependencies = (
			);
			name = gameSET;
			productName = gameSET;
			productReference = 1FC5ACE12465A0D800FE977D /* gameSET.app */;
			productType = "com.apple.product-type.application";
		};
/* End PBXNativeTarget section */

/* Begin PBXProject section */
		1FC5ACD92465A0D800FE977D /* Project object */ = {
			isa = PBXProject;
			attributes = {
				LastSwiftUpdateCheck = 1130;
				LastUpgradeCheck = 1130;
				ORGANIZATIONNAME = "Nikola Vignjevic";
				TargetAttributes = {
					1FC5ACE02465A0D800FE977D = {
						CreatedOnToolsVersion = 11.3;
					};
				};
			};
			buildConfigurationList = 1FC5ACDC2465A0D800FE977D /* Build configuration list for PBXProject "gameSET" */;
			compatibilityVersion = "Xcode 9.3";
			developmentRegion = en;
			hasScannedForEncodings = 0;
			knownRegions = (
				en,
				Base,
			);
			mainGroup = 1FC5ACD82465A0D800FE977D;
			productRefGroup = 1FC5ACE22465A0D800FE977D /* Products */;
			projectDirPath = "";
			projectRoot = "";
			targets = (
				1FC5ACE02465A0D800FE977D /* gameSET */,
			);
		};
/* End PBXProject section */

/* Begin PBXResourcesBuildPhase section */
		1FC5ACDF2465A0D800FE977D /* Resources */ = {
			isa = PBXResourcesBuildPhase;
			buildActionMask = 2147483647;
			files = (
				1FC5ACF12465A0DA00FE977D /* LaunchScreen.storyboard in Resources */,
				1FC5ACEE2465A0DA00FE977D /* Assets.xcassets in Resources */,
				1FC5ACEC2465A0D800FE977D /* Main.storyboard in Resources */,
			);
			runOnlyForDeploymentPostprocessing = 0;
		};
/* End PBXResourcesBuildPhase section */

/* Begin PBXSourcesBuildPhase section */
		1FC5ACDD2465A0D800FE977D /* Sources */ = {
			isa = PBXSourcesBuildPhase;
			buildActionMask = 2147483647;
			files = (
				1FC5ACE92465A0D800FE977D /* ViewController.swift in Sources */,
				1FC5ACE52465A0D800FE977D /* AppDelegate.swift in Sources */,
				1FC5ACE72465A0D800FE977D /* SceneDelegate.swift in Sources */,
			);
			runOnlyForDeploymentPostprocessing = 0;
		};
/* End PBXSourcesBuildPhase section */

/* Begin PBXVariantGroup section */
		1FC5ACEA2465A0D800FE977D /* Main.storyboard */ = {
			isa = PBXVariantGroup;
			children = (
				1FC5ACEB2465A0D800FE977D /* Base */,
			);
			name = Main.storyboard;
			sourceTree = "<group>";
		};
		1FC5ACEF2465A0DA00FE977D /* LaunchScreen.storyboard */ = {
			isa = PBXVariantGroup;
			children = (
				1FC5ACF02465A0DA00FE977D /* Base */,
			);
			name = LaunchScreen.storyboard;
			sourceTree = "<group>";
		};
/* End PBXVariantGroup section */

/* Begin XCBuildConfiguration section */
		1FC5ACF32465A0DA00FE977D /* Debug */ = {
			isa = XCBuildConfiguration;
			buildSettings = {
				ALWAYS_SEARCH_USER_PATHS = NO;
				CLANG_ANALYZER_NONNULL = YES;
				CLANG_ANALYZER_NUMBER_OBJECT_CONVERSION = YES_AGGRESSIVE;
				CLANG_CXX_LANGUAGE_STANDARD = "gnu++14";
				CLANG_CXX_LIBRARY = "libc++";
				CLANG_ENABLE_MODULES = YES;
				CLANG_ENABLE_OBJC_ARC = YES;
				CLANG_ENABLE_OBJC_WEAK = YES;
				CLANG_WARN_BLOCK_CAPTURE_AUTORELEASING = YES;
				CLANG_WARN_BOOL_CONVERSION = YES;
				CLANG_WARN_COMMA = YES;
				CLANG_WARN_CONSTANT_CONVERSION = YES;
				CLANG_WARN_DEPRECATED_OBJC_IMPLEMENTATIONS = YES;
				CLANG_WARN_DIRECT_OBJC_ISA_USAGE = YES_ERROR;
				CLANG_WARN_DOCUMENTATION_COMMENTS = YES;
				CLANG_WARN_EMPTY_BODY = YES;
				CLANG_WARN_ENUM_CONVERSION = YES;
				CLANG_WARN_INFINITE_RECURSION = YES;
				CLANG_WARN_INT_CONVERSION = YES;
				CLANG_WARN_NON_LITERAL_NULL_CONVERSION = YES;
				CLANG_WARN_OBJC_IMPLICIT_RETAIN_SELF = YES;
				CLANG_WARN_OBJC_LITERAL_CONVERSION = YES;
				CLANG_WARN_OBJC_ROOT_CLASS = YES_ERROR;
				CLANG_WARN_RANGE_LOOP_ANALYSIS = YES;
				CLANG_WARN_STRICT_PROTOTYPES = YES;
				CLANG_WARN_SUSPICIOUS_MOVE = YES;
				CLANG_WARN_UNGUARDED_AVAILABILITY = YES_AGGRESSIVE;
				CLANG_WARN_UNREACHABLE_CODE = YES;
				CLANG_WARN__DUPLICATE_METHOD_MATCH = YES;
				COPY_PHASE_STRIP = NO;
				DEBUG_INFORMATION_FORMAT = dwarf;
				ENABLE_STRICT_OBJC_MSGSEND = YES;
				ENABLE_TESTABILITY = YES;
				GCC_C_LANGUAGE_STANDARD = gnu11;
				GCC_DYNAMIC_NO_PIC = NO;
				GCC_NO_COMMON_BLOCKS = YES;
				GCC_OPTIMIZATION_LEVEL = 0;
				GCC_PREPROCESSOR_DEFINITIONS = (
					"DEBUG=1",
					"$(inherited)",
				);
				GCC_WARN_64_TO_32_BIT_CONVERSION = YES;
				GCC_WARN_ABOUT_RETURN_TYPE = YES_ERROR;
				GCC_WARN_UNDECLARED_SELECTOR = YES;
				GCC_WARN_UNINITIALIZED_AUTOS = YES_AGGRESSIVE;
				GCC_WARN_UNUSED_FUNCTION = YES;
				GCC_WARN_UNUSED_VARIABLE = YES;
				IPHONEOS_DEPLOYMENT_TARGET = 13.2;
				MTL_ENABLE_DEBUG_INFO = INCLUDE_SOURCE;
				MTL_FAST_MATH = YES;
				ONLY_ACTIVE_ARCH = YES;
				SDKROOT = iphoneos;
				SWIFT_ACTIVE_COMPILATION_CONDITIONS = DEBUG;
				SWIFT_OPTIMIZATION_LEVEL = "-Onone";
			};
			name = Debug;
		};
		1FC5ACF42465A0DA00FE977D /* Release */ = {
			isa = XCBuildConfiguration;
			buildSettings = {
				ALWAYS_SEARCH_USER_PATHS = NO;
				CLANG_ANALYZER_NONNULL = YES;
				CLANG_ANALYZER_NUMBER_OBJECT_CONVERSION = YES_AGGRESSIVE;
				CLANG_CXX_LANGUAGE_STANDARD = "gnu++14";
				CLANG_CXX_LIBRARY = "libc++";
				CLANG_ENABLE_MODULES = YES;
				CLANG_ENABLE_OBJC_ARC = YES;
				CLANG_ENABLE_OBJC_WEAK = YES;
				CLANG_WARN_BLOCK_CAPTURE_AUTORELEASING = YES;
				CLANG_WARN_BOOL_CONVERSION = YES;
				CLANG_WARN_COMMA = YES;
				CLANG_WARN_CONSTANT_CONVERSION = YES;
				CLANG_WARN_DEPRECATED_OBJC_IMPLEMENTATIONS = YES;
				CLANG_WARN_DIRECT_OBJC_ISA_USAGE = YES_ERROR;
				CLANG_WARN_DOCUMENTATION_COMMENTS = YES;
				CLANG_WARN_EMPTY_BODY = YES;
				CLANG_WARN_ENUM_CONVERSION = YES;
				CLANG_WARN_INFINITE_RECURSION = YES;
				CLANG_WARN_INT_CONVERSION = YES;
				CLANG_WARN_NON_LITERAL_NULL_CONVERSION = YES;
				CLANG_WARN_OBJC_IMPLICIT_RETAIN_SELF = YES;
				CLANG_WARN_OBJC_LITERAL_CONVERSION = YES;
				CLANG_WARN_OBJC_ROOT_CLASS = YES_ERROR;
				CLANG_WARN_RANGE_LOOP_ANALYSIS = YES;
				CLANG_WARN_STRICT_PROTOTYPES = YES;
				CLANG_WARN_SUSPICIOUS_MOVE = YES;
				CLANG_WARN_UNGUARDED_AVAILABILITY = YES_AGGRESSIVE;
				CLANG_WARN_UNREACHABLE_CODE = YES;
				CLANG_WARN__DUPLICATE_METHOD_MATCH = YES;
				COPY_PHASE_STRIP = NO;
				DEBUG_INFORMATION_FORMAT = "dwarf-with-dsym";
				ENABLE_NS_ASSERTIONS = NO;
				ENABLE_STRICT_OBJC_MSGSEND = YES;
				GCC_C_LANGUAGE_STANDARD = gnu11;
				GCC_NO_COMMON_BLOCKS = YES;
				GCC_WARN_64_TO_32_BIT_CONVERSION = YES;
				GCC_WARN_ABOUT_RETURN_TYPE = YES_ERROR;
				GCC_WARN_UNDECLARED_SELECTOR = YES;
				GCC_WARN_UNINITIALIZED_AUTOS = YES_AGGRESSIVE;
				GCC_WARN_UNUSED_FUNCTION = YES;
				GCC_WARN_UNUSED_VARIABLE = YES;
				IPHONEOS_DEPLOYMENT_TARGET = 13.2;
				MTL_ENABLE_DEBUG_INFO = NO;
				MTL_FAST_MATH = YES;
				SDKROOT = iphoneos;
				SWIFT_COMPILATION_MODE = wholemodule;
				SWIFT_OPTIMIZATION_LEVEL = "-O";
				VALIDATE_PRODUCT = YES;
			};
			name = Release;
		};
		1FC5ACF62465A0DA00FE977D /* Debug */ = {
			isa = XCBuildConfiguration;
			buildSettings = {
				ASSETCATALOG_COMPILER_APPICON_NAME = AppIcon;
				CODE_SIGN_STYLE = Automatic;
				DEVELOPMENT_TEAM = 8Q478GCD62;
				INFOPLIST_FILE = gameSET/Info.plist;
				LD_RUNPATH_SEARCH_PATHS = (
					"$(inherited)",
					"@executable_path/Frameworks",
				);
				PRODUCT_BUNDLE_IDENTIFIER = Nikola.gameSET;
				PRODUCT_NAME = "$(TARGET_NAME)";
				SWIFT_VERSION = 5.0;
				TARGETED_DEVICE_FAMILY = "1,2";
			};
			name = Debug;
		};
		1FC5ACF72465A0DA00FE977D /* Release */ = {
			isa = XCBuildConfiguration;
			buildSettings = {
				ASSETCATALOG_COMPILER_APPICON_NAME = AppIcon;
				CODE_SIGN_STYLE = Automatic;
				DEVELOPMENT_TEAM = 8Q478GCD62;
				INFOPLIST_FILE = gameSET/Info.plist;
				LD_RUNPATH_SEARCH_PATHS = (
					"$(inherited)",
					"@executable_path/Frameworks",
				);
				PRODUCT_BUNDLE_IDENTIFIER = Nikola.gameSET;
				PRODUCT_NAME = "$(TARGET_NAME)";
				SWIFT_VERSION = 5.0;
				TARGETED_DEVICE_FAMILY = "1,2";
			};
			name = Release;
		};
/* End XCBuildConfiguration section */

/* Begin XCConfigurationList section */
		1FC5ACDC2465A0D800FE977D /* Build configuration list for PBXProject "gameSET" */ = {
			isa = XCConfigurationList;
			buildConfigurations = (
				1FC5ACF32465A0DA00FE977D /* Debug */,
				1FC5ACF42465A0DA00FE977D /* Release */,
			);
			defaultConfigurationIsVisible = 0;
			defaultConfigurationName = Release;
		};
		1FC5ACF52465A0DA00FE977D /* Build configuration list for PBXNativeTarget "gameSET" */ = {
			isa = XCConfigurationList;
			buildConfigurations = (
				1FC5ACF62465A0DA00FE977D /* Debug */,
				1FC5ACF72465A0DA00FE977D /* Release */,
			);
			defaultConfigurationIsVisible = 0;
			defaultConfigurationName = Release;
		};
/* End XCConfigurationList section */
	};
	rootObject = 1FC5ACD92465A0D800FE977D /* Project object */;
}
